
Microsoft Visual Studio Solution File, Format Version 12.00
# Visual Studio Version 16
VisualStudioVersion = 16.0.35425.106
MinimumVisualStudioVersion = 10.0.40219.1
Project("{FAE04EC0-301F-11D3-BF4B-00C04F79EFBC}") = "NumberGuessing", "NumberGuessing\NumberGuessing.csproj", "{90230D45-B3C0-4C40-8FD3-276CC34BA820}"
EndProject
Global
	GlobalSection(SolutionConfigurationPlatforms) = preSolution
		Debug|Any CPU = Debug|Any CPU
		Release|Any CPU = Release|Any CPU
	EndGlobalSection
	GlobalSection(ProjectConfigurationPlatforms) = postSolution
		{90230D45-B3C0-4C40-8FD3-276CC34BA820}.Debug|Any CPU.ActiveCfg = Debug|Any CPU
		{90230D45-B3C0-4C40-8FD3-276CC34BA820}.Debug|Any CPU.Build.0 = Debug|Any CPU
		{90230D45-B3C0-4C40-8FD3-276CC34BA820}.Release|Any CPU.ActiveCfg = Release|Any CPU
		{90230D45-B3C0-4C40-8FD3-276CC34BA820}.Release|Any CPU.Build.0 = Release|Any CPU
	EndGlobalSection
	GlobalSection(SolutionProperties) = preSolution
		HideSolutionNode = FALSE
	EndGlobalSection
	GlobalSection(ExtensibilityGlobals) = postSolution
		SolutionGuid = {D89505CE-63C7-4632-9C1B-0A5A5A432349}
	EndGlobalSection
EndGlobal
